Microsoft Visual Studio Solution File, Format Version 11.00
# Visual Studio 2008

Project("{34353C77-D203-7954-7A75-C959B6A4D5BF}") = "2D Cute Game", "Assembly-CSharp-firstpass.csproj", "{1B740F37-660B-5EB7-ACDE-CCF0F4AE030F}"
EndProject
Project("{34353C77-D203-7954-7A75-C959B6A4D5BF}") = "2D Cute Game", "Assembly-CSharp.csproj", "{6E66EB68-D0AC-BE59-7B2F-D84DF6A60BD3}"
EndProject
Project("{34353C77-D203-7954-7A75-C959B6A4D5BF}") = "2D Cute Game", "Assembly-CSharp-Editor.csproj", "{DFA4C6C5-A16F-68BB-BC5D-F1CF7EDC32C2}"
EndProject
Project("{34353C77-D203-7954-7A75-C959B6A4D5BF}") = "2D Cute Game", "Assembly-UnityScript.unityproj", "{3D33620D-BF59-2625-BC88-496FC1271A34}"
EndProject
Global
	GlobalSection(SolutionConfigurationPlatforms) = preSolution
		Debug|Any CPU = Debug|Any CPU
		Release|Any CPU = Release|Any CPU
	EndGlobalSection
	GlobalSection(ProjectConfigurationPlatforms) = postSolution
		{1B740F37-660B-5EB7-ACDE-CCF0F4AE030F}.Debug|Any CPU.ActiveCfg = Debug|Any CPU
		{1B740F37-660B-5EB7-ACDE-CCF0F4AE030F}.Debug|Any CPU.Build.0 = Debug|Any CPU
		{1B740F37-660B-5EB7-ACDE-CCF0F4AE030F}.Release|Any CPU.ActiveCfg = Release|Any CPU
		{1B740F37-660B-5EB7-ACDE-CCF0F4AE030F}.Release|Any CPU.Build.0 = Release|Any CPU
		{6E66EB68-D0AC-BE59-7B2F-D84DF6A60BD3}.Debug|Any CPU.ActiveCfg = Debug|Any CPU
		{6E66EB68-D0AC-BE59-7B2F-D84DF6A60BD3}.Debug|Any CPU.Build.0 = Debug|Any CPU
		{6E66EB68-D0AC-BE59-7B2F-D84DF6A60BD3}.Release|Any CPU.ActiveCfg = Release|Any CPU
		{6E66EB68-D0AC-BE59-7B2F-D84DF6A60BD3}.Release|Any CPU.Build.0 = Release|Any CPU
		{DFA4C6C5-A16F-68BB-BC5D-F1CF7EDC32C2}.Debug|Any CPU.ActiveCfg = Debug|Any CPU
		{DFA4C6C5-A16F-68BB-BC5D-F1CF7EDC32C2}.Debug|Any CPU.Build.0 = Debug|Any CPU
		{DFA4C6C5-A16F-68BB-BC5D-F1CF7EDC32C2}.Release|Any CPU.ActiveCfg = Release|Any CPU
		{DFA4C6C5-A16F-68BB-BC5D-F1CF7EDC32C2}.Release|Any CPU.Build.0 = Release|Any CPU
		{3D33620D-BF59-2625-BC88-496FC1271A34}.Debug|Any CPU.ActiveCfg = Debug|Any CPU
		{3D33620D-BF59-2625-BC88-496FC1271A34}.Debug|Any CPU.Build.0 = Debug|Any CPU
		{3D33620D-BF59-2625-BC88-496FC1271A34}.Release|Any CPU.ActiveCfg = Release|Any CPU
		{3D33620D-BF59-2625-BC88-496FC1271A34}.Release|Any CPU.Build.0 = Release|Any CPU
	EndGlobalSection
	GlobalSection(SolutionProperties) = preSolution
		HideSolutionNode = FALSE
	EndGlobalSection
																																																																																															GlobalSection(MonoDevelopProperties) = preSolution
		StartupItem = Assembly-CSharp.csproj
		Policies = $0
		$0.TextStylePolicy = $1
		$1.inheritsSet = null
		$1.scope = text/x-csharp
		$0.CSharpFormattingPolicy = $2
		$2.inheritsSet = Mono
		$2.inheritsScope = text/x-csharp
		$2.scope = text/x-csharp
		$0.TextStylePolicy = $3
		$3.FileWidth = 120
		$3.TabWidth = 4
		$3.IndentWidth = 4
		$3.EolMarker = Unix
		$3.inheritsSet = Mono
		$3.inheritsScope = text/plain
		$3.scope = text/plain
	EndGlobalSection

EndGlobal
